
Microsoft Visual Studio Solution File, Format Version 12.00
Project("{FAE04EC0-301F-11D3-BF4B-00C04F79EFBC}") = "Boards.MessageService.Api", "Boards.MessageService.Api\Boards.MessageService.Api.csproj", "{72173740-5113-4020-AB5C-9EA28FAC53A2}"
EndProject
Project("{FAE04EC0-301F-11D3-BF4B-00C04F79EFBC}") = "Common", "..\AuthService\Common\Common.csproj", "{AE464F85-317A-47B0-B3D8-E6DB2947CD3A}"
EndProject
Project("{FAE04EC0-301F-11D3-BF4B-00C04F79EFBC}") = "Boards.MessageService.Core", "Boards.MessageService.Core\Boards.MessageService.Core.csproj", "{ED7C690A-B906-4CD8-98B2-A566142AE319}"
EndProject
Project("{FAE04EC0-301F-11D3-BF4B-00C04F79EFBC}") = "Boards.MessageService.Database", "Boards.MessageService.Database\Boards.MessageService.Database.csproj", "{ED1BF5BC-AA01-4CF3-8D24-10FD16B26818}"
EndProject
Global
	GlobalSection(SolutionConfigurationPlatforms) = preSolution
		Debug|Any CPU = Debug|Any CPU
		Release|Any CPU = Release|Any CPU
	EndGlobalSection
	GlobalSection(ProjectConfigurationPlatforms) = postSolution
		{72173740-5113-4020-AB5C-9EA28FAC53A2}.Debug|Any CPU.ActiveCfg = Debug|Any CPU
		{72173740-5113-4020-AB5C-9EA28FAC53A2}.Debug|Any CPU.Build.0 = Debug|Any CPU
		{72173740-5113-4020-AB5C-9EA28FAC53A2}.Release|Any CPU.ActiveCfg = Release|Any CPU
		{72173740-5113-4020-AB5C-9EA28FAC53A2}.Release|Any CPU.Build.0 = Release|Any CPU
		{AE464F85-317A-47B0-B3D8-E6DB2947CD3A}.Debug|Any CPU.ActiveCfg = Debug|Any CPU
		{AE464F85-317A-47B0-B3D8-E6DB2947CD3A}.Debug|Any CPU.Build.0 = Debug|Any CPU
		{AE464F85-317A-47B0-B3D8-E6DB2947CD3A}.Release|Any CPU.ActiveCfg = Release|Any CPU
		{AE464F85-317A-47B0-B3D8-E6DB2947CD3A}.Release|Any CPU.Build.0 = Release|Any CPU
		{ED7C690A-B906-4CD8-98B2-A566142AE319}.Debug|Any CPU.ActiveCfg = Debug|Any CPU
		{ED7C690A-B906-4CD8-98B2-A566142AE319}.Debug|Any CPU.Build.0 = Debug|Any CPU
		{ED7C690A-B906-4CD8-98B2-A566142AE319}.Release|Any CPU.ActiveCfg = Release|Any CPU
		{ED7C690A-B906-4CD8-98B2-A566142AE319}.Release|Any CPU.Build.0 = Release|Any CPU
		{ED1BF5BC-AA01-4CF3-8D24-10FD16B26818}.Debug|Any CPU.ActiveCfg = Debug|Any CPU
		{ED1BF5BC-AA01-4CF3-8D24-10FD16B26818}.Debug|Any CPU.Build.0 = Debug|Any CPU
		{ED1BF5BC-AA01-4CF3-8D24-10FD16B26818}.Release|Any CPU.ActiveCfg = Release|Any CPU
		{ED1BF5BC-AA01-4CF3-8D24-10FD16B26818}.Release|Any CPU.Build.0 = Release|Any CPU
	EndGlobalSection
EndGlobal
